
Microsoft Visual Studio Solution File, Format Version 12.00
Project("{FAE04EC0-301F-11D3-BF4B-00C04F79EFBC}") = "SemoTags", "SemoTags\SemoTags.csproj", "{A64F673D-58A4-44CF-8A73-44D36D1979F1}"
EndProject
Project("{FAE04EC0-301F-11D3-BF4B-00C04F79EFBC}") = "Semo.Tags.Web", "Semo.Tags.Web\Semo.Tags.Web.csproj", "{8C3CA926-F8CE-427B-B1FD-CB0368E8E505}"
EndProject
Global
	GlobalSection(SolutionConfigurationPlatforms) = preSolution
		Debug|Any CPU = Debug|Any CPU
		Release|Any CPU = Release|Any CPU
	EndGlobalSection
	GlobalSection(ProjectConfigurationPlatforms) = postSolution
		{A64F673D-58A4-44CF-8A73-44D36D1979F1}.Debug|Any CPU.ActiveCfg = Debug|Any CPU
		{A64F673D-58A4-44CF-8A73-44D36D1979F1}.Debug|Any CPU.Build.0 = Debug|Any CPU
		{A64F673D-58A4-44CF-8A73-44D36D1979F1}.Release|Any CPU.ActiveCfg = Release|Any CPU
		{A64F673D-58A4-44CF-8A73-44D36D1979F1}.Release|Any CPU.Build.0 = Release|Any CPU
		{8C3CA926-F8CE-427B-B1FD-CB0368E8E505}.Debug|Any CPU.ActiveCfg = Debug|Any CPU
		{8C3CA926-F8CE-427B-B1FD-CB0368E8E505}.Debug|Any CPU.Build.0 = Debug|Any CPU
		{8C3CA926-F8CE-427B-B1FD-CB0368E8E505}.Release|Any CPU.ActiveCfg = Release|Any CPU
		{8C3CA926-F8CE-427B-B1FD-CB0368E8E505}.Release|Any CPU.Build.0 = Release|Any CPU
	EndGlobalSection
EndGlobal
